
Microsoft Visual Studio Solution File, Format Version 12.00
# Visual Studio Version 16
VisualStudioVersion = 16.0.28803.156
MinimumVisualStudioVersion = 10.0.40219.1
Project("{FAE04EC0-301F-11D3-BF4B-00C04F79EFBC}") = "Antiplagiarism", "ULearnAntiplagiarism\Antiplagiarism.csproj", "{097D811E-BBE9-4A55-81F2-9BE17754BDC8}"
EndProject
Project("{FAE04EC0-301F-11D3-BF4B-00C04F79EFBC}") = "DiskTree", "ULearnDiskTree\DiskTree.csproj", "{15F6B22A-18E4-4F37-A98E-223F23AA3B47}"
EndProject
Project("{FAE04EC0-301F-11D3-BF4B-00C04F79EFBC}") = "LimitedSizeStack", "ULearnLimetedSizeStack\LimitedSizeStack.csproj", "{38181845-7439-451A-BC6E-1DB5C403D168}"
EndProject
Project("{FAE04EC0-301F-11D3-BF4B-00C04F79EFBC}") = "yield-return-smooth", "UlearnYieldReturnSmooth\yield-return-smooth.csproj", "{BA12A5CD-FF42-4D24-AB0A-2458B8A70FAC}"
EndProject
Project("{FAE04EC0-301F-11D3-BF4B-00C04F79EFBC}") = "RocketBot", "ULearnRocketBot\RocketBot.csproj", "{1F488037-ECC6-4870-BC6A-31F459A4295F}"
EndProject
Project("{FAE04EC0-301F-11D3-BF4B-00C04F79EFBC}") = "Documentaion", "Documentaion\Documentaion.csproj", "{BC155F0C-5AB9-4E87-9768-56A3839A9C5F}"
EndProject
Project("{FAE04EC0-301F-11D3-BF4B-00C04F79EFBC}") = "DelegatesTreeTraversal", "DelegatesTreeTraversal\DelegatesTreeTraversal.csproj", "{2552C716-F8B5-40E4-B49F-A35621C652A2}"
EndProject
Project("{FAE04EC0-301F-11D3-BF4B-00C04F79EFBC}") = "GenericTables", "GenericTables\GenericTables.csproj", "{942C4CBA-964A-4110-A648-304B36BC375D}"
EndProject
Project("{FAE04EC0-301F-11D3-BF4B-00C04F79EFBC}") = "DelegatesPairAnalysis", "DelegatesPairAnalysis\DelegatesPairAnalysis.csproj", "{7C13EC03-194E-4454-AED3-3E6B8A339A06}"
EndProject
Project("{FAE04EC0-301F-11D3-BF4B-00C04F79EFBC}") = "LINQSlideViews", "LINQSlideViews\LINQSlideViews.csproj", "{2E84C683-6B0D-416F-A4C7-373F55C4CD87}"
EndProject
Global
	GlobalSection(SolutionConfigurationPlatforms) = preSolution
		Debug|Any CPU = Debug|Any CPU
		Release|Any CPU = Release|Any CPU
	EndGlobalSection
	GlobalSection(ProjectConfigurationPlatforms) = postSolution
		{097D811E-BBE9-4A55-81F2-9BE17754BDC8}.Debug|Any CPU.ActiveCfg = Debug|Any CPU
		{097D811E-BBE9-4A55-81F2-9BE17754BDC8}.Debug|Any CPU.Build.0 = Debug|Any CPU
		{097D811E-BBE9-4A55-81F2-9BE17754BDC8}.Release|Any CPU.ActiveCfg = Release|Any CPU
		{097D811E-BBE9-4A55-81F2-9BE17754BDC8}.Release|Any CPU.Build.0 = Release|Any CPU
		{15F6B22A-18E4-4F37-A98E-223F23AA3B47}.Debug|Any CPU.ActiveCfg = Debug|Any CPU
		{15F6B22A-18E4-4F37-A98E-223F23AA3B47}.Debug|Any CPU.Build.0 = Debug|Any CPU
		{15F6B22A-18E4-4F37-A98E-223F23AA3B47}.Release|Any CPU.ActiveCfg = Release|Any CPU
		{15F6B22A-18E4-4F37-A98E-223F23AA3B47}.Release|Any CPU.Build.0 = Release|Any CPU
		{38181845-7439-451A-BC6E-1DB5C403D168}.Debug|Any CPU.ActiveCfg = Debug|Any CPU
		{38181845-7439-451A-BC6E-1DB5C403D168}.Debug|Any CPU.Build.0 = Debug|Any CPU
		{38181845-7439-451A-BC6E-1DB5C403D168}.Release|Any CPU.ActiveCfg = Release|Any CPU
		{38181845-7439-451A-BC6E-1DB5C403D168}.Release|Any CPU.Build.0 = Release|Any CPU
		{BA12A5CD-FF42-4D24-AB0A-2458B8A70FAC}.Debug|Any CPU.ActiveCfg = Debug|Any CPU
		{BA12A5CD-FF42-4D24-AB0A-2458B8A70FAC}.Debug|Any CPU.Build.0 = Debug|Any CPU
		{BA12A5CD-FF42-4D24-AB0A-2458B8A70FAC}.Release|Any CPU.ActiveCfg = Release|Any CPU
		{BA12A5CD-FF42-4D24-AB0A-2458B8A70FAC}.Release|Any CPU.Build.0 = Release|Any CPU
		{1F488037-ECC6-4870-BC6A-31F459A4295F}.Debug|Any CPU.ActiveCfg = Debug|Any CPU
		{1F488037-ECC6-4870-BC6A-31F459A4295F}.Debug|Any CPU.Build.0 = Debug|Any CPU
		{1F488037-ECC6-4870-BC6A-31F459A4295F}.Release|Any CPU.ActiveCfg = Release|Any CPU
		{1F488037-ECC6-4870-BC6A-31F459A4295F}.Release|Any CPU.Build.0 = Release|Any CPU
		{BC155F0C-5AB9-4E87-9768-56A3839A9C5F}.Debug|Any CPU.ActiveCfg = Debug|Any CPU
		{BC155F0C-5AB9-4E87-9768-56A3839A9C5F}.Debug|Any CPU.Build.0 = Debug|Any CPU
		{BC155F0C-5AB9-4E87-9768-56A3839A9C5F}.Release|Any CPU.ActiveCfg = Release|Any CPU
		{BC155F0C-5AB9-4E87-9768-56A3839A9C5F}.Release|Any CPU.Build.0 = Release|Any CPU
		{2552C716-F8B5-40E4-B49F-A35621C652A2}.Debug|Any CPU.ActiveCfg = Debug|Any CPU
		{2552C716-F8B5-40E4-B49F-A35621C652A2}.Debug|Any CPU.Build.0 = Debug|Any CPU
		{2552C716-F8B5-40E4-B49F-A35621C652A2}.Release|Any CPU.ActiveCfg = Release|Any CPU
		{2552C716-F8B5-40E4-B49F-A35621C652A2}.Release|Any CPU.Build.0 = Release|Any CPU
		{942C4CBA-964A-4110-A648-304B36BC375D}.Debug|Any CPU.ActiveCfg = Debug|Any CPU
		{942C4CBA-964A-4110-A648-304B36BC375D}.Debug|Any CPU.Build.0 = Debug|Any CPU
		{942C4CBA-964A-4110-A648-304B36BC375D}.Release|Any CPU.ActiveCfg = Release|Any CPU
		{942C4CBA-964A-4110-A648-304B36BC375D}.Release|Any CPU.Build.0 = Release|Any CPU
		{7C13EC03-194E-4454-AED3-3E6B8A339A06}.Debug|Any CPU.ActiveCfg = Debug|Any CPU
		{7C13EC03-194E-4454-AED3-3E6B8A339A06}.Debug|Any CPU.Build.0 = Debug|Any CPU
		{7C13EC03-194E-4454-AED3-3E6B8A339A06}.Release|Any CPU.ActiveCfg = Release|Any CPU
		{7C13EC03-194E-4454-AED3-3E6B8A339A06}.Release|Any CPU.Build.0 = Release|Any CPU
		{2E84C683-6B0D-416F-A4C7-373F55C4CD87}.Debug|Any CPU.ActiveCfg = Debug|Any CPU
		{2E84C683-6B0D-416F-A4C7-373F55C4CD87}.Debug|Any CPU.Build.0 = Debug|Any CPU
		{2E84C683-6B0D-416F-A4C7-373F55C4CD87}.Release|Any CPU.ActiveCfg = Release|Any CPU
		{2E84C683-6B0D-416F-A4C7-373F55C4CD87}.Release|Any CPU.Build.0 = Release|Any CPU
	EndGlobalSection
	GlobalSection(SolutionProperties) = preSolution
		HideSolutionNode = FALSE
	EndGlobalSection
	GlobalSection(ExtensibilityGlobals) = postSolution
		SolutionGuid = {41512A1C-48AF-4DBD-A3D0-8FAE82049C40}
	EndGlobalSection
EndGlobal
